// !$*UTF8*$!
{
	archiveVersion = 1;
	classes = {
	};
	objectVersion = 55;
	objects = {

/* Begin PBXBuildFile section */
		291A0C7927FB6E8300727204 /* Assets in Resources */ = {isa = PBXBuildFile; fileRef = 291A0C7827FB6E8300727204 /* Assets */; };
		295EC83D28EE87520037C7BA /* CloudRenderingTests.m in Sources */ = {isa = PBXBuildFile; fileRef = 295EC83C28EE87520037C7BA /* CloudRenderingTests.m */; };
		295EC84A28EEA9F00037C7BA /* GlobalGPUResourceTests.mm in Sources */ = {isa = PBXBuildFile; fileRef = 295EC84928EEA9F00037C7BA /* GlobalGPUResourceTests.mm */; };
		297069F928EFB446001C8AF3 /* RenderLoopManager.cpp in Sources */ = {isa = PBXBuildFile; fileRef = 297069F828EFB446001C8AF3 /* RenderLoopManager.cpp */; };
		297069FB28EFB4CB001C8AF3 /* GlobalGPUResource.cpp in Sources */ = {isa = PBXBuildFile; fileRef = 297069FA28EFB4CB001C8AF3 /* GlobalGPUResource.cpp */; };
		297069FD28EFB69B001C8AF3 /* Util.mm in Sources */ = {isa = PBXBuildFile; fileRef = 297069FC28EFB69B001C8AF3 /* Util.mm */; };
		297069FF28EFB7AB001C8AF3 /* DrawTextureToFramebufferPass.cpp in Sources */ = {isa = PBXBuildFile; fileRef = 297069FE28EFB7AB001C8AF3 /* DrawTextureToFramebufferPass.cpp */; };
		29A5209028EF83F800B11B1C /* RenderLoopManager.mm in Sources */ = {isa = PBXBuildFile; fileRef = 29A5208F28EF83F800B11B1C /* RenderLoopManager.mm */; };
		29C71C9B27E8EC5600E00AB1 /* Shaders.metal in Sources */ = {isa = PBXBuildFile; fileRef = 29C71C9A27E8EC5600E00AB1 /* Shaders.metal */; };
		29E464B028EFBAF100E7EFC5 /* GeneratePerlinNoisePass.cpp in Sources */ = {isa = PBXBuildFile; fileRef = 29E464AF28EFBAF100E7EFC5 /* GeneratePerlinNoisePass.cpp */; };
		29E464B228EFBD0F00E7EFC5 /* DrawSkydomePass.cpp in Sources */ = {isa = PBXBuildFile; fileRef = 29E464B128EFBD0F00E7EFC5 /* DrawSkydomePass.cpp */; };
		29E4793027E6B18E0076E34C /* AppDelegate.m in Sources */ = {isa = PBXBuildFile; fileRef = 29E4792F27E6B18E0076E34C /* AppDelegate.m */; };
		29E4793527E6B1900076E34C /* Assets.xcassets in Resources */ = {isa = PBXBuildFile; fileRef = 29E4793427E6B1900076E34C /* Assets.xcassets */; };
		29E4795E27E6B2120076E34C /* Libraries in Resources */ = {isa = PBXBuildFile; fileRef = 29E4795D27E6B2120076E34C /* Libraries */; };
		29E4796127E6B2C60076E34C /* Metal.framework in Frameworks */ = {isa = PBXBuildFile; fileRef = 29E4796027E6B2C60076E34C /* Metal.framework */; };
		29E4796327E6B2D40076E34C /* Foundation.framework in Frameworks */ = {isa = PBXBuildFile; fileRef = 29E4796227E6B2D40076E34C /* Foundation.framework */; };
		29E4796527E6B2DD0076E34C /* QuartzCore.framework in Frameworks */ = {isa = PBXBuildFile; fileRef = 29E4796427E6B2DD0076E34C /* QuartzCore.framework */; };
		29E4796D27E6F6260076E34C /* RendererView.mm in Sources */ = {isa = PBXBuildFile; fileRef = 29E4796C27E6F6260076E34C /* RendererView.mm */; };
/* End PBXBuildFile section */

/* Begin PBXContainerItemProxy section */
		295EC83E28EE87520037C7BA /* PBXContainerItemProxy */ = {
			isa = PBXContainerItemProxy;
			containerPortal = 29E4792327E6B18E0076E34C /* Project object */;
			proxyType = 1;
			remoteGlobalIDString = 29E4792A27E6B18E0076E34C;
			remoteInfo = CloudRendering;
		};
/* End PBXContainerItemProxy section */

/* Begin PBXFileReference section */
		291A0C7727FB5DED00727204 /* ObjLoader.hpp */ = {isa = PBXFileReference; lastKnownFileType = sourcecode.cpp.h; path = ObjLoader.hpp; sourceTree = "<group>"; };
		291A0C7827FB6E8300727204 /* Assets */ = {isa = PBXFileReference; lastKnownFileType = folder; path = Assets; sourceTree = "<group>"; };
		295EC83A28EE87520037C7BA /* CloudRenderingTests.xctest */ = {isa = PBXFileReference; explicitFileType = wrapper.cfbundle; includeInIndex = 0; path = CloudRenderingTests.xctest; sourceTree = BUILT_PRODUCTS_DIR; };
		295EC83C28EE87520037C7BA /* CloudRenderingTests.m */ = {isa = PBXFileReference; lastKnownFileType = sourcecode.c.objc; path = CloudRenderingTests.m; sourceTree = "<group>"; };
		295EC84728EE99400037C7BA /* Pass.h */ = {isa = PBXFileReference; lastKnownFileType = sourcecode.c.h; path = Pass.h; sourceTree = "<group>"; };
		295EC84828EE9ACF0037C7BA /* GlobalGPUResource.h */ = {isa = PBXFileReference; lastKnownFileType = sourcecode.c.h; path = GlobalGPUResource.h; sourceTree = "<group>"; };
		295EC84928EEA9F00037C7BA /* GlobalGPUResourceTests.mm */ = {isa = PBXFileReference; lastKnownFileType = sourcecode.cpp.objcpp; path = GlobalGPUResourceTests.mm; sourceTree = "<group>"; };
		297069F828EFB446001C8AF3 /* RenderLoopManager.cpp */ = {isa = PBXFileReference; lastKnownFileType = sourcecode.cpp.cpp; path = RenderLoopManager.cpp; sourceTree = "<group>"; };
		297069FA28EFB4CB001C8AF3 /* GlobalGPUResource.cpp */ = {isa = PBXFileReference; lastKnownFileType = sourcecode.cpp.cpp; path = GlobalGPUResource.cpp; sourceTree = "<group>"; };
		297069FC28EFB69B001C8AF3 /* Util.mm */ = {isa = PBXFileReference; lastKnownFileType = sourcecode.cpp.objcpp; path = Util.mm; sourceTree = "<group>"; };
		297069FE28EFB7AB001C8AF3 /* DrawTextureToFramebufferPass.cpp */ = {isa = PBXFileReference; lastKnownFileType = sourcecode.cpp.cpp; path = DrawTextureToFramebufferPass.cpp; sourceTree = "<group>"; };
		2993595028EF544D00F49C3E /* DrawTextureToFramebufferPass.h */ = {isa = PBXFileReference; lastKnownFileType = sourcecode.c.h; path = DrawTextureToFramebufferPass.h; sourceTree = "<group>"; };
		2993595128EF555200F49C3E /* GeneratePerlinNoisePass.h */ = {isa = PBXFileReference; lastKnownFileType = sourcecode.c.h; path = GeneratePerlinNoisePass.h; sourceTree = "<group>"; };
		2993595228EF5F2A00F49C3E /* DrawSkydomePass.h */ = {isa = PBXFileReference; lastKnownFileType = sourcecode.c.h; path = DrawSkydomePass.h; sourceTree = "<group>"; };
		29A5208E28EF7FF200B11B1C /* RenderLoopManager.h */ = {isa = PBXFileReference; lastKnownFileType = sourcecode.c.h; path = RenderLoopManager.h; sourceTree = "<group>"; };
		29A5208F28EF83F800B11B1C /* RenderLoopManager.mm */ = {isa = PBXFileReference; explicitFileType = sourcecode.cpp.objcpp; path = RenderLoopManager.mm; sourceTree = "<group>"; };
		29C71C9A27E8EC5600E00AB1 /* Shaders.metal */ = {isa = PBXFileReference; lastKnownFileType = sourcecode.metal; path = Shaders.metal; sourceTree = "<group>"; };
		29C71C9F27E8F5AF00E00AB1 /* SharedTypes.h */ = {isa = PBXFileReference; lastKnownFileType = sourcecode.c.h; path = SharedTypes.h; sourceTree = "<group>"; };
		29E464AF28EFBAF100E7EFC5 /* GeneratePerlinNoisePass.cpp */ = {isa = PBXFileReference; lastKnownFileType = sourcecode.cpp.cpp; path = GeneratePerlinNoisePass.cpp; sourceTree = "<group>"; };
		29E464B128EFBD0F00E7EFC5 /* DrawSkydomePass.cpp */ = {isa = PBXFileReference; lastKnownFileType = sourcecode.cpp.cpp; path = DrawSkydomePass.cpp; sourceTree = "<group>"; };
		29E4792B27E6B18E0076E34C /* CloudRendering.app */ = {isa = PBXFileReference; explicitFileType = wrapper.application; includeInIndex = 0; path = CloudRendering.app; sourceTree = BUILT_PRODUCTS_DIR; };
		29E4792E27E6B18E0076E34C /* AppDelegate.h */ = {isa = PBXFileReference; lastKnownFileType = sourcecode.c.h; path = AppDelegate.h; sourceTree = "<group>"; };
		29E4792F27E6B18E0076E34C /* AppDelegate.m */ = {isa = PBXFileReference; lastKnownFileType = sourcecode.c.objc; path = AppDelegate.m; sourceTree = "<group>"; };
		29E4793427E6B1900076E34C /* Assets.xcassets */ = {isa = PBXFileReference; lastKnownFileType = folder.assetcatalog; path = Assets.xcassets; sourceTree = "<group>"; };
		29E4793B27E6B1900076E34C /* CloudRendering.entitlements */ = {isa = PBXFileReference; lastKnownFileType = text.plist.entitlements; path = CloudRendering.entitlements; sourceTree = "<group>"; };
		29E4795D27E6B2120076E34C /* Libraries */ = {isa = PBXFileReference; lastKnownFileType = folder; path = Libraries; sourceTree = "<group>"; };
		29E4796027E6B2C60076E34C /* Metal.framework */ = {isa = PBXFileReference; lastKnownFileType = wrapper.framework; name = Metal.framework; path = System/Library/Frameworks/Metal.framework; sourceTree = SDKROOT; };
		29E4796227E6B2D40076E34C /* Foundation.framework */ = {isa = PBXFileReference; lastKnownFileType = wrapper.framework; name = Foundation.framework; path = System/Library/Frameworks/Foundation.framework; sourceTree = SDKROOT; };
		29E4796427E6B2DD0076E34C /* QuartzCore.framework */ = {isa = PBXFileReference; lastKnownFileType = wrapper.framework; name = QuartzCore.framework; path = System/Library/Frameworks/QuartzCore.framework; sourceTree = SDKROOT; };
		29E4796A27E6E0380076E34C /* Util.hpp */ = {isa = PBXFileReference; lastKnownFileType = sourcecode.cpp.h; path = Util.hpp; sourceTree = "<group>"; };
		29E4796B27E6F6260076E34C /* RendererView.h */ = {isa = PBXFileReference; lastKnownFileType = sourcecode.c.h; path = RendererView.h; sourceTree = "<group>"; };
		29E4796C27E6F6260076E34C /* RendererView.mm */ = {isa = PBXFileReference; lastKnownFileType = sourcecode.cpp.objcpp; path = RendererView.mm; sourceTree = "<group>"; };
		29EC53B62811240300ABFBD9 /* README.md */ = {isa = PBXFileReference; lastKnownFileType = net.daringfireball.markdown; path = README.md; sourceTree = "<group>"; };
/* End PBXFileReference section */

/* Begin PBXFrameworksBuildPhase section */
		295EC83728EE87520037C7BA /* Frameworks */ = {
			isa = PBXFrameworksBuildPhase;
			buildActionMask = 2147483647;
			files = (
			);
			runOnlyForDeploymentPostprocessing = 0;
		};
		29E4792827E6B18E0076E34C /* Frameworks */ = {
			isa = PBXFrameworksBuildPhase;
			buildActionMask = 2147483647;
			files = (
				29E4796527E6B2DD0076E34C /* QuartzCore.framework in Frameworks */,
				29E4796327E6B2D40076E34C /* Foundation.framework in Frameworks */,
				29E4796127E6B2C60076E34C /* Metal.framework in Frameworks */,
			);
			runOnlyForDeploymentPostprocessing = 0;
		};
/* End PBXFrameworksBuildPhase section */

/* Begin PBXGroup section */
		295EC83B28EE87520037C7BA /* CloudRenderingTests */ = {
			isa = PBXGroup;
			children = (
				295EC83C28EE87520037C7BA /* CloudRenderingTests.m */,
				295EC84928EEA9F00037C7BA /* GlobalGPUResourceTests.mm */,
			);
			path = CloudRenderingTests;
			sourceTree = "<group>";
		};
		295EC84328EE966C0037C7BA /* RendererView */ = {
			isa = PBXGroup;
			children = (
				29E4796B27E6F6260076E34C /* RendererView.h */,
				29E4796C27E6F6260076E34C /* RendererView.mm */,
			);
			path = RendererView;
			sourceTree = "<group>";
		};
		295EC84428EE96CE0037C7BA /* ApplicationMain */ = {
			isa = PBXGroup;
			children = (
				29E4792E27E6B18E0076E34C /* AppDelegate.h */,
				29E4792F27E6B18E0076E34C /* AppDelegate.m */,
			);
			path = ApplicationMain;
			sourceTree = "<group>";
		};
		295EC84528EE97780037C7BA /* Shaders */ = {
			isa = PBXGroup;
			children = (
				29C71C9A27E8EC5600E00AB1 /* Shaders.metal */,
				29C71C9F27E8F5AF00E00AB1 /* SharedTypes.h */,
			);
			path = Shaders;
			sourceTree = "<group>";
		};
		295EC84628EE97AF0037C7BA /* Util */ = {
			isa = PBXGroup;
			children = (
				29E4796A27E6E0380076E34C /* Util.hpp */,
				297069FC28EFB69B001C8AF3 /* Util.mm */,
				291A0C7727FB5DED00727204 /* ObjLoader.hpp */,
			);
			path = Util;
			sourceTree = "<group>";
		};
		2993594F28EF532100F49C3E /* Passes */ = {
			isa = PBXGroup;
			children = (
				295EC84728EE99400037C7BA /* Pass.h */,
				2993595028EF544D00F49C3E /* DrawTextureToFramebufferPass.h */,
				297069FE28EFB7AB001C8AF3 /* DrawTextureToFramebufferPass.cpp */,
				2993595128EF555200F49C3E /* GeneratePerlinNoisePass.h */,
				29E464AF28EFBAF100E7EFC5 /* GeneratePerlinNoisePass.cpp */,
				2993595228EF5F2A00F49C3E /* DrawSkydomePass.h */,
				29E464B128EFBD0F00E7EFC5 /* DrawSkydomePass.cpp */,
			);
			path = Passes;
			sourceTree = "<group>";
		};
		29E4792227E6B18E0076E34C = {
			isa = PBXGroup;
			children = (
				29EC53B62811240300ABFBD9 /* README.md */,
				291A0C7827FB6E8300727204 /* Assets */,
				29E4795D27E6B2120076E34C /* Libraries */,
				29E4792D27E6B18E0076E34C /* CloudRendering */,
				295EC83B28EE87520037C7BA /* CloudRenderingTests */,
				29E4792C27E6B18E0076E34C /* Products */,
				29E4795F27E6B2C60076E34C /* Frameworks */,
			);
			sourceTree = "<group>";
		};
		29E4792C27E6B18E0076E34C /* Products */ = {
			isa = PBXGroup;
			children = (
				29E4792B27E6B18E0076E34C /* CloudRendering.app */,
				295EC83A28EE87520037C7BA /* CloudRenderingTests.xctest */,
			);
			name = Products;
			sourceTree = "<group>";
		};
		29E4792D27E6B18E0076E34C /* CloudRendering */ = {
			isa = PBXGroup;
			children = (
				295EC84628EE97AF0037C7BA /* Util */,
				295EC84528EE97780037C7BA /* Shaders */,
				29E4796627E6B58D0076E34C /* Rendering */,
				2993594F28EF532100F49C3E /* Passes */,
				295EC84328EE966C0037C7BA /* RendererView */,
				295EC84428EE96CE0037C7BA /* ApplicationMain */,
				29E4793B27E6B1900076E34C /* CloudRendering.entitlements */,
				29E4793427E6B1900076E34C /* Assets.xcassets */,
			);
			path = CloudRendering;
			sourceTree = "<group>";
		};
		29E4795F27E6B2C60076E34C /* Frameworks */ = {
			isa = PBXGroup;
			children = (
				29E4796427E6B2DD0076E34C /* QuartzCore.framework */,
				29E4796227E6B2D40076E34C /* Foundation.framework */,
				29E4796027E6B2C60076E34C /* Metal.framework */,
			);
			name = Frameworks;
			sourceTree = "<group>";
		};
		29E4796627E6B58D0076E34C /* Rendering */ = {
			isa = PBXGroup;
			children = (
				295EC84828EE9ACF0037C7BA /* GlobalGPUResource.h */,
				297069FA28EFB4CB001C8AF3 /* GlobalGPUResource.cpp */,
				29A5208E28EF7FF200B11B1C /* RenderLoopManager.h */,
				297069F828EFB446001C8AF3 /* RenderLoopManager.cpp */,
				29A5208F28EF83F800B11B1C /* RenderLoopManager.mm */,
			);
			path = Rendering;
			sourceTree = "<group>";
		};
/* End PBXGroup section */

/* Begin PBXNativeTarget section */
		295EC83928EE87520037C7BA /* CloudRenderingTests */ = {
			isa = PBXNativeTarget;
			buildConfigurationList = 295EC84228EE87520037C7BA /* Build configuration list for PBXNativeTarget "CloudRenderingTests" */;
			buildPhases = (
				295EC83628EE87520037C7BA /* Sources */,
				295EC83728EE87520037C7BA /* Frameworks */,
				295EC83828EE87520037C7BA /* Resources */,
			);
			buildRules = (
			);
			dependencies = (
				295EC83F28EE87520037C7BA /* PBXTargetDependency */,
			);
			name = CloudRenderingTests;
			productName = CloudRenderingTests;
			productReference = 295EC83A28EE87520037C7BA /* CloudRenderingTests.xctest */;
			productType = "com.apple.product-type.bundle.unit-test";
		};
		29E4792A27E6B18E0076E34C /* CloudRendering */ = {
			isa = PBXNativeTarget;
			buildConfigurationList = 29E4795427E6B1910076E34C /* Build configuration list for PBXNativeTarget "CloudRendering" */;
			buildPhases = (
				29E4792727E6B18E0076E34C /* Sources */,
				29E4792827E6B18E0076E34C /* Frameworks */,
				29E4792927E6B18E0076E34C /* Resources */,
			);
			buildRules = (
			);
			dependencies = (
			);
			name = CloudRendering;
			productName = CloudRendering;
			productReference = 29E4792B27E6B18E0076E34C /* CloudRendering.app */;
			productType = "com.apple.product-type.application";
		};
/* End PBXNativeTarget section */

/* Begin PBXProject section */
		29E4792327E6B18E0076E34C /* Project object */ = {
			isa = PBXProject;
			attributes = {
				BuildIndependentTargetsInParallel = 1;
				LastUpgradeCheck = 1400;
				TargetAttributes = {
					295EC83928EE87520037C7BA = {
						CreatedOnToolsVersion = 14.0.1;
						TestTargetID = 29E4792A27E6B18E0076E34C;
					};
					29E4792A27E6B18E0076E34C = {
						CreatedOnToolsVersion = 13.3;
					};
				};
			};
			buildConfigurationList = 29E4792627E6B18E0076E34C /* Build configuration list for PBXProject "CloudRendering" */;
			compatibilityVersion = "Xcode 13.0";
			developmentRegion = en;
			hasScannedForEncodings = 0;
			knownRegions = (
				en,
				Base,
			);
			mainGroup = 29E4792227E6B18E0076E34C;
			productRefGroup = 29E4792C27E6B18E0076E34C /* Products */;
			projectDirPath = "";
			projectRoot = "";
			targets = (
				29E4792A27E6B18E0076E34C /* CloudRendering */,
				295EC83928EE87520037C7BA /* CloudRenderingTests */,
			);
		};
/* End PBXProject section */

/* Begin PBXResourcesBuildPhase section */
		295EC83828EE87520037C7BA /* Resources */ = {
			isa = PBXResourcesBuildPhase;
			buildActionMask = 2147483647;
			files = (
			);
			runOnlyForDeploymentPostprocessing = 0;
		};
		29E4792927E6B18E0076E34C /* Resources */ = {
			isa = PBXResourcesBuildPhase;
			buildActionMask = 2147483647;
			files = (
				29E4795E27E6B2120076E34C /* Libraries in Resources */,
				291A0C7927FB6E8300727204 /* Assets in Resources */,
				29E4793527E6B1900076E34C /* Assets.xcassets in Resources */,
			);
			runOnlyForDeploymentPostprocessing = 0;
		};
/* End PBXResourcesBuildPhase section */

/* Begin PBXSourcesBuildPhase section */
		295EC83628EE87520037C7BA /* Sources */ = {
			isa = PBXSourcesBuildPhase;
			buildActionMask = 2147483647;
			files = (
				295EC83D28EE87520037C7BA /* CloudRenderingTests.m in Sources */,
				295EC84A28EEA9F00037C7BA /* GlobalGPUResourceTests.mm in Sources */,
			);
			runOnlyForDeploymentPostprocessing = 0;
		};
		29E4792727E6B18E0076E34C /* Sources */ = {
			isa = PBXSourcesBuildPhase;
			buildActionMask = 2147483647;
			files = (
				297069FD28EFB69B001C8AF3 /* Util.mm in Sources */,
				29C71C9B27E8EC5600E00AB1 /* Shaders.metal in Sources */,
				29E4793027E6B18E0076E34C /* AppDelegate.m in Sources */,
				297069FF28EFB7AB001C8AF3 /* DrawTextureToFramebufferPass.cpp in Sources */,
				29E464B228EFBD0F00E7EFC5 /* DrawSkydomePass.cpp in Sources */,
				297069FB28EFB4CB001C8AF3 /* GlobalGPUResource.cpp in Sources */,
				29E4796D27E6F6260076E34C /* RendererView.mm in Sources */,
				297069F928EFB446001C8AF3 /* RenderLoopManager.cpp in Sources */,
				29A5209028EF83F800B11B1C /* RenderLoopManager.mm in Sources */,
				29E464B028EFBAF100E7EFC5 /* GeneratePerlinNoisePass.cpp in Sources */,
			);
			runOnlyForDeploymentPostprocessing = 0;
		};
/* End PBXSourcesBuildPhase section */

/* Begin PBXTargetDependency section */
		295EC83F28EE87520037C7BA /* PBXTargetDependency */ = {
			isa = PBXTargetDependency;
			target = 29E4792A27E6B18E0076E34C /* CloudRendering */;
			targetProxy = 295EC83E28EE87520037C7BA /* PBXContainerItemProxy */;
		};
/* End PBXTargetDependency section */

/* Begin XCBuildConfiguration section */
		295EC84028EE87520037C7BA /* Debug */ = {
			isa = XCBuildConfiguration;
			buildSettings = {
				BUNDLE_LOADER = "$(TEST_HOST)";
				CLANG_CXX_LANGUAGE_STANDARD = "gnu++20";
				CODE_SIGN_STYLE = Automatic;
				CURRENT_PROJECT_VERSION = 1;
				DEAD_CODE_STRIPPING = YES;
				DEVELOPMENT_TEAM = 7EZ9SP4W4N;
				GENERATE_INFOPLIST_FILE = YES;
				HEADER_SEARCH_PATHS = (
					"$(PROJECT_DIR)/Libraries/metal-cpp",
					"$(PROJECT_DIR)/CloudRendering",
				);
				MARKETING_VERSION = 1.0;
				PRODUCT_BUNDLE_IDENTIFIER = com.ZeyuChen.CloudRenderingTests;
				PRODUCT_NAME = "$(TARGET_NAME)";
				SWIFT_EMIT_LOC_STRINGS = NO;
				TEST_HOST = "$(BUILT_PRODUCTS_DIR)/CloudRendering.app/$(BUNDLE_EXECUTABLE_FOLDER_PATH)/CloudRendering";
			};
			name = Debug;
		};
		295EC84128EE87520037C7BA /* Release */ = {
			isa = XCBuildConfiguration;
			buildSettings = {
				BUNDLE_LOADER = "$(TEST_HOST)";
				CLANG_CXX_LANGUAGE_STANDARD = "gnu++20";
				CODE_SIGN_STYLE = Automatic;
				CURRENT_PROJECT_VERSION = 1;
				DEAD_CODE_STRIPPING = YES;
				DEVELOPMENT_TEAM = 7EZ9SP4W4N;
				GENERATE_INFOPLIST_FILE = YES;
				HEADER_SEARCH_PATHS = (
					"$(PROJECT_DIR)/Libraries/metal-cpp",
					"$(PROJECT_DIR)/CloudRendering",
				);
				MARKETING_VERSION = 1.0;
				PRODUCT_BUNDLE_IDENTIFIER = com.ZeyuChen.CloudRenderingTests;
				PRODUCT_NAME = "$(TARGET_NAME)";
				SWIFT_EMIT_LOC_STRINGS = NO;
				TEST_HOST = "$(BUILT_PRODUCTS_DIR)/CloudRendering.app/$(BUNDLE_EXECUTABLE_FOLDER_PATH)/CloudRendering";
			};
			name = Release;
		};
		29E4795227E6B1910076E34C /* Debug */ = {
			isa = XCBuildConfiguration;
			buildSettings = {
				ALWAYS_SEARCH_USER_PATHS = NO;
				CLANG_ANALYZER_NONNULL = YES;
				CLANG_ANALYZER_NUMBER_OBJECT_CONVERSION = YES_AGGRESSIVE;
				CLANG_CXX_LANGUAGE_STANDARD = "gnu++17";
				CLANG_ENABLE_MODULES = YES;
				CLANG_ENABLE_OBJC_ARC = YES;
				CLANG_ENABLE_OBJC_WEAK = YES;
				CLANG_WARN_BLOCK_CAPTURE_AUTORELEASING = YES;
				CLANG_WARN_BOOL_CONVERSION = YES;
				CLANG_WARN_COMMA = YES;
				CLANG_WARN_CONSTANT_CONVERSION = YES;
				CLANG_WARN_DEPRECATED_OBJC_IMPLEMENTATIONS = YES;
				CLANG_WARN_DIRECT_OBJC_ISA_USAGE = YES_ERROR;
				CLANG_WARN_DOCUMENTATION_COMMENTS = YES;
				CLANG_WARN_EMPTY_BODY = YES;
				CLANG_WARN_ENUM_CONVERSION = YES;
				CLANG_WARN_INFINITE_RECURSION = YES;
				CLANG_WARN_INT_CONVERSION = YES;
				CLANG_WARN_NON_LITERAL_NULL_CONVERSION = YES;
				CLANG_WARN_OBJC_IMPLICIT_RETAIN_SELF = YES;
				CLANG_WARN_OBJC_LITERAL_CONVERSION = YES;
				CLANG_WARN_OBJC_ROOT_CLASS = YES_ERROR;
				CLANG_WARN_QUOTED_INCLUDE_IN_FRAMEWORK_HEADER = YES;
				CLANG_WARN_RANGE_LOOP_ANALYSIS = YES;
				CLANG_WARN_STRICT_PROTOTYPES = YES;
				CLANG_WARN_SUSPICIOUS_MOVE = YES;
				CLANG_WARN_UNGUARDED_AVAILABILITY = YES_AGGRESSIVE;
				CLANG_WARN_UNREACHABLE_CODE = YES;
				CLANG_WARN__DUPLICATE_METHOD_MATCH = YES;
				COPY_PHASE_STRIP = NO;
				DEAD_CODE_STRIPPING = YES;
				DEBUG_INFORMATION_FORMAT = dwarf;
				ENABLE_STRICT_OBJC_MSGSEND = YES;
				ENABLE_TESTABILITY = YES;
				GCC_C_LANGUAGE_STANDARD = gnu11;
				GCC_DYNAMIC_NO_PIC = NO;
				GCC_NO_COMMON_BLOCKS = YES;
				GCC_OPTIMIZATION_LEVEL = 0;
				GCC_PREPROCESSOR_DEFINITIONS = (
					"DEBUG=1",
					"$(inherited)",
				);
				GCC_WARN_64_TO_32_BIT_CONVERSION = YES;
				GCC_WARN_ABOUT_RETURN_TYPE = YES_ERROR;
				GCC_WARN_UNDECLARED_SELECTOR = YES;
				GCC_WARN_UNINITIALIZED_AUTOS = YES_AGGRESSIVE;
				GCC_WARN_UNUSED_FUNCTION = YES;
				GCC_WARN_UNUSED_VARIABLE = YES;
				MACOSX_DEPLOYMENT_TARGET = 12.3;
				MTL_ENABLE_DEBUG_INFO = INCLUDE_SOURCE;
				MTL_FAST_MATH = YES;
				ONLY_ACTIVE_ARCH = YES;
				SDKROOT = macosx;
			};
			name = Debug;
		};
		29E4795327E6B1910076E34C /* Release */ = {
			isa = XCBuildConfiguration;
			buildSettings = {
				ALWAYS_SEARCH_USER_PATHS = NO;
				CLANG_ANALYZER_NONNULL = YES;
				CLANG_ANALYZER_NUMBER_OBJECT_CONVERSION = YES_AGGRESSIVE;
				CLANG_CXX_LANGUAGE_STANDARD = "gnu++17";
				CLANG_ENABLE_MODULES = YES;
				CLANG_ENABLE_OBJC_ARC = YES;
				CLANG_ENABLE_OBJC_WEAK = YES;
				CLANG_WARN_BLOCK_CAPTURE_AUTORELEASING = YES;
				CLANG_WARN_BOOL_CONVERSION = YES;
				CLANG_WARN_COMMA = YES;
				CLANG_WARN_CONSTANT_CONVERSION = YES;
				CLANG_WARN_DEPRECATED_OBJC_IMPLEMENTATIONS = YES;
				CLANG_WARN_DIRECT_OBJC_ISA_USAGE = YES_ERROR;
				CLANG_WARN_DOCUMENTATION_COMMENTS = YES;
				CLANG_WARN_EMPTY_BODY = YES;
				CLANG_WARN_ENUM_CONVERSION = YES;
				CLANG_WARN_INFINITE_RECURSION = YES;
				CLANG_WARN_INT_CONVERSION = YES;
				CLANG_WARN_NON_LITERAL_NULL_CONVERSION = YES;
				CLANG_WARN_OBJC_IMPLICIT_RETAIN_SELF = YES;
				CLANG_WARN_OBJC_LITERAL_CONVERSION = YES;
				CLANG_WARN_OBJC_ROOT_CLASS = YES_ERROR;
				CLANG_WARN_QUOTED_INCLUDE_IN_FRAMEWORK_HEADER = YES;
				CLANG_WARN_RANGE_LOOP_ANALYSIS = YES;
				CLANG_WARN_STRICT_PROTOTYPES = YES;
				CLANG_WARN_SUSPICIOUS_MOVE = YES;
				CLANG_WARN_UNGUARDED_AVAILABILITY = YES_AGGRESSIVE;
				CLANG_WARN_UNREACHABLE_CODE = YES;
				CLANG_WARN__DUPLICATE_METHOD_MATCH = YES;
				COPY_PHASE_STRIP = NO;
				DEAD_CODE_STRIPPING = YES;
				DEBUG_INFORMATION_FORMAT = "dwarf-with-dsym";
				ENABLE_NS_ASSERTIONS = NO;
				ENABLE_STRICT_OBJC_MSGSEND = YES;
				GCC_C_LANGUAGE_STANDARD = gnu11;
				GCC_NO_COMMON_BLOCKS = YES;
				GCC_WARN_64_TO_32_BIT_CONVERSION = YES;
				GCC_WARN_ABOUT_RETURN_TYPE = YES_ERROR;
				GCC_WARN_UNDECLARED_SELECTOR = YES;
				GCC_WARN_UNINITIALIZED_AUTOS = YES_AGGRESSIVE;
				GCC_WARN_UNUSED_FUNCTION = YES;
				GCC_WARN_UNUSED_VARIABLE = YES;
				MACOSX_DEPLOYMENT_TARGET = 12.3;
				MTL_ENABLE_DEBUG_INFO = NO;
				MTL_FAST_MATH = YES;
				SDKROOT = macosx;
			};
			name = Release;
		};
		29E4795527E6B1910076E34C /* Debug */ = {
			isa = XCBuildConfiguration;
			buildSettings = {
				ASSETCATALOG_COMPILER_APPICON_NAME = AppIcon;
				ASSETCATALOG_COMPILER_GLOBAL_ACCENT_COLOR_NAME = AccentColor;
				CLANG_CXX_LANGUAGE_STANDARD = "c++20";
				CLANG_ENABLE_OBJC_ARC = YES;
				CODE_SIGN_ENTITLEMENTS = CloudRendering/CloudRendering.entitlements;
				CODE_SIGN_IDENTITY = "-";
				CODE_SIGN_STYLE = Automatic;
				COMBINE_HIDPI_IMAGES = YES;
				CURRENT_PROJECT_VERSION = 1;
				DEAD_CODE_STRIPPING = YES;
				DEVELOPMENT_TEAM = 7EZ9SP4W4N;
				ENABLE_HARDENED_RUNTIME = YES;
				GENERATE_INFOPLIST_FILE = YES;
				HEADER_SEARCH_PATHS = (
					"$(PROJECT_DIR)/Libraries/metal-cpp",
					"$(PROJECT_DIR)/CloudRendering",
				);
				INFOPLIST_KEY_NSHumanReadableCopyright = "";
				INFOPLIST_KEY_NSMainStoryboardFile = Main;
				INFOPLIST_KEY_NSPrincipalClass = NSApplication;
				LD_RUNPATH_SEARCH_PATHS = (
					"$(inherited)",
					"@executable_path/../Frameworks",
				);
				MARKETING_VERSION = 1.0;
				MTL_HEADER_SEARCH_PATHS = "";
				PRODUCT_BUNDLE_IDENTIFIER = com.ZeyuChen.CloudRendering;
				PRODUCT_NAME = "$(TARGET_NAME)";
				SWIFT_EMIT_LOC_STRINGS = YES;
			};
			name = Debug;
		};
		29E4795627E6B1910076E34C /* Release */ = {
			isa = XCBuildConfiguration;
			buildSettings = {
				ASSETCATALOG_COMPILER_APPICON_NAME = AppIcon;
				ASSETCATALOG_COMPILER_GLOBAL_ACCENT_COLOR_NAME = AccentColor;
				CLANG_CXX_LANGUAGE_STANDARD = "c++20";
				CLANG_ENABLE_OBJC_ARC = YES;
				CODE_SIGN_ENTITLEMENTS = CloudRendering/CloudRendering.entitlements;
				CODE_SIGN_IDENTITY = "-";
				CODE_SIGN_STYLE = Automatic;
				COMBINE_HIDPI_IMAGES = YES;
				CURRENT_PROJECT_VERSION = 1;
				DEAD_CODE_STRIPPING = YES;
				DEVELOPMENT_TEAM = 7EZ9SP4W4N;
				ENABLE_HARDENED_RUNTIME = YES;
				GENERATE_INFOPLIST_FILE = YES;
				HEADER_SEARCH_PATHS = (
					"$(PROJECT_DIR)/Libraries/metal-cpp",
					"$(PROJECT_DIR)/CloudRendering",
				);
				INFOPLIST_KEY_NSHumanReadableCopyright = "";
				INFOPLIST_KEY_NSMainStoryboardFile = Main;
				INFOPLIST_KEY_NSPrincipalClass = NSApplication;
				LD_RUNPATH_SEARCH_PATHS = (
					"$(inherited)",
					"@executable_path/../Frameworks",
				);
				MARKETING_VERSION = 1.0;
				MTL_HEADER_SEARCH_PATHS = "";
				PRODUCT_BUNDLE_IDENTIFIER = com.ZeyuChen.CloudRendering;
				PRODUCT_NAME = "$(TARGET_NAME)";
				SWIFT_EMIT_LOC_STRINGS = YES;
			};
			name = Release;
		};
/* End XCBuildConfiguration section */

/* Begin XCConfigurationList section */
		295EC84228EE87520037C7BA /* Build configuration list for PBXNativeTarget "CloudRenderingTests" */ = {
			isa = XCConfigurationList;
			buildConfigurations = (
				295EC84028EE87520037C7BA /* Debug */,
				295EC84128EE87520037C7BA /* Release */,
			);
			defaultConfigurationIsVisible = 0;
			defaultConfigurationName = Release;
		};
		29E4792627E6B18E0076E34C /* Build configuration list for PBXProject "CloudRendering" */ = {
			isa = XCConfigurationList;
			buildConfigurations = (
				29E4795227E6B1910076E34C /* Debug */,
				29E4795327E6B1910076E34C /* Release */,
			);
			defaultConfigurationIsVisible = 0;
			defaultConfigurationName = Release;
		};
		29E4795427E6B1910076E34C /* Build configuration list for PBXNativeTarget "CloudRendering" */ = {
			isa = XCConfigurationList;
			buildConfigurations = (
				29E4795527E6B1910076E34C /* Debug */,
				29E4795627E6B1910076E34C /* Release */,
			);
			defaultConfigurationIsVisible = 0;
			defaultConfigurationName = Release;
		};
/* End XCConfigurationList section */
	};
	rootObject = 29E4792327E6B18E0076E34C /* Project object */;
}
